
Microsoft Visual Studio Solution File, Format Version 12.00
# Visual Studio 15
VisualStudioVersion = 15.0.27130.2027
MinimumVisualStudioVersion = 10.0.40219.1
Project("{FAE04EC0-301F-11D3-BF4B-00C04F79EFBC}") = "Drocsid", "Drocsid\Drocsid.csproj", "{B6A3038C-98ED-4FFB-9E50-FA4BBECF327E}"
EndProject
Project("{2150E333-8FDC-42A3-9474-1A3956D46DE8}") = "Presenter", "Presenter", "{CC30FE39-6E19-4BF5-BC56-07038D43F56E}"
EndProject
Project("{2150E333-8FDC-42A3-9474-1A3956D46DE8}") = "Logic", "Logic", "{DCF517F8-96B1-4E82-8145-7119975D15C0}"
EndProject
Project("{2150E333-8FDC-42A3-9474-1A3956D46DE8}") = "DataAccesLayer", "DataAccesLayer", "{6328FFE0-EC79-45D5-86B3-85976271B005}"
EndProject
Project("{2150E333-8FDC-42A3-9474-1A3956D46DE8}") = "Common", "Common", "{E63BB538-F8F3-469E-B049-094AB724F8BA}"
EndProject
Project("{2150E333-8FDC-42A3-9474-1A3956D46DE8}") = "Entities", "Entities", "{78B5D18E-0BBC-4D9C-8479-22B8DFDEC871}"
EndProject
Project("{FAE04EC0-301F-11D3-BF4B-00C04F79EFBC}") = "Entities", "Entities\Entities.csproj", "{3B920321-8B76-4772-BC4D-C831E8322D92}"
EndProject
Project("{FAE04EC0-301F-11D3-BF4B-00C04F79EFBC}") = "LogicContracts", "Logic\LogicContracts.csproj", "{D8DF677A-4C1C-4F67-99BD-F8E9CF6CAD26}"
EndProject
Project("{FAE04EC0-301F-11D3-BF4B-00C04F79EFBC}") = "LogicCore", "LogicCore\LogicCore.csproj", "{90C58280-40B0-4755-A1E3-752A02A6EFD9}"
EndProject
Project("{FAE04EC0-301F-11D3-BF4B-00C04F79EFBC}") = "DalContracts", "DalContracts\DalContracts.csproj", "{2A327092-DA8D-4116-8064-0011DC910A1B}"
EndProject
Project("{FAE04EC0-301F-11D3-BF4B-00C04F79EFBC}") = "Dal", "Dal\Dal.csproj", "{268C0105-E57C-4F29-8E8E-09396B25F634}"
EndProject
Project("{FAE04EC0-301F-11D3-BF4B-00C04F79EFBC}") = "NinjectConfigurator", "NinjectConfigurator\NinjectConfigurator.csproj", "{4FC4EB76-FF8E-4A98-A235-0340F08D6E1E}"
EndProject
Global
	GlobalSection(SolutionConfigurationPlatforms) = preSolution
		Debug|Any CPU = Debug|Any CPU
		Release|Any CPU = Release|Any CPU
	EndGlobalSection
	GlobalSection(ProjectConfigurationPlatforms) = postSolution
		{B6A3038C-98ED-4FFB-9E50-FA4BBECF327E}.Debug|Any CPU.ActiveCfg = Debug|Any CPU
		{B6A3038C-98ED-4FFB-9E50-FA4BBECF327E}.Debug|Any CPU.Build.0 = Debug|Any CPU
		{B6A3038C-98ED-4FFB-9E50-FA4BBECF327E}.Release|Any CPU.ActiveCfg = Release|Any CPU
		{B6A3038C-98ED-4FFB-9E50-FA4BBECF327E}.Release|Any CPU.Build.0 = Release|Any CPU
		{3B920321-8B76-4772-BC4D-C831E8322D92}.Debug|Any CPU.ActiveCfg = Debug|Any CPU
		{3B920321-8B76-4772-BC4D-C831E8322D92}.Debug|Any CPU.Build.0 = Debug|Any CPU
		{3B920321-8B76-4772-BC4D-C831E8322D92}.Release|Any CPU.ActiveCfg = Release|Any CPU
		{3B920321-8B76-4772-BC4D-C831E8322D92}.Release|Any CPU.Build.0 = Release|Any CPU
		{D8DF677A-4C1C-4F67-99BD-F8E9CF6CAD26}.Debug|Any CPU.ActiveCfg = Debug|Any CPU
		{D8DF677A-4C1C-4F67-99BD-F8E9CF6CAD26}.Debug|Any CPU.Build.0 = Debug|Any CPU
		{D8DF677A-4C1C-4F67-99BD-F8E9CF6CAD26}.Release|Any CPU.ActiveCfg = Release|Any CPU
		{D8DF677A-4C1C-4F67-99BD-F8E9CF6CAD26}.Release|Any CPU.Build.0 = Release|Any CPU
		{90C58280-40B0-4755-A1E3-752A02A6EFD9}.Debug|Any CPU.ActiveCfg = Debug|Any CPU
		{90C58280-40B0-4755-A1E3-752A02A6EFD9}.Debug|Any CPU.Build.0 = Debug|Any CPU
		{90C58280-40B0-4755-A1E3-752A02A6EFD9}.Release|Any CPU.ActiveCfg = Release|Any CPU
		{90C58280-40B0-4755-A1E3-752A02A6EFD9}.Release|Any CPU.Build.0 = Release|Any CPU
		{2A327092-DA8D-4116-8064-0011DC910A1B}.Debug|Any CPU.ActiveCfg = Debug|Any CPU
		{2A327092-DA8D-4116-8064-0011DC910A1B}.Debug|Any CPU.Build.0 = Debug|Any CPU
		{2A327092-DA8D-4116-8064-0011DC910A1B}.Release|Any CPU.ActiveCfg = Release|Any CPU
		{2A327092-DA8D-4116-8064-0011DC910A1B}.Release|Any CPU.Build.0 = Release|Any CPU
		{268C0105-E57C-4F29-8E8E-09396B25F634}.Debug|Any CPU.ActiveCfg = Debug|Any CPU
		{268C0105-E57C-4F29-8E8E-09396B25F634}.Debug|Any CPU.Build.0 = Debug|Any CPU
		{268C0105-E57C-4F29-8E8E-09396B25F634}.Release|Any CPU.ActiveCfg = Release|Any CPU
		{268C0105-E57C-4F29-8E8E-09396B25F634}.Release|Any CPU.Build.0 = Release|Any CPU
		{4FC4EB76-FF8E-4A98-A235-0340F08D6E1E}.Debug|Any CPU.ActiveCfg = Debug|Any CPU
		{4FC4EB76-FF8E-4A98-A235-0340F08D6E1E}.Debug|Any CPU.Build.0 = Debug|Any CPU
		{4FC4EB76-FF8E-4A98-A235-0340F08D6E1E}.Release|Any CPU.ActiveCfg = Release|Any CPU
		{4FC4EB76-FF8E-4A98-A235-0340F08D6E1E}.Release|Any CPU.Build.0 = Release|Any CPU
	EndGlobalSection
	GlobalSection(SolutionProperties) = preSolution
		HideSolutionNode = FALSE
	EndGlobalSection
	GlobalSection(NestedProjects) = preSolution
		{B6A3038C-98ED-4FFB-9E50-FA4BBECF327E} = {CC30FE39-6E19-4BF5-BC56-07038D43F56E}
		{78B5D18E-0BBC-4D9C-8479-22B8DFDEC871} = {E63BB538-F8F3-469E-B049-094AB724F8BA}
		{3B920321-8B76-4772-BC4D-C831E8322D92} = {78B5D18E-0BBC-4D9C-8479-22B8DFDEC871}
		{D8DF677A-4C1C-4F67-99BD-F8E9CF6CAD26} = {DCF517F8-96B1-4E82-8145-7119975D15C0}
		{90C58280-40B0-4755-A1E3-752A02A6EFD9} = {DCF517F8-96B1-4E82-8145-7119975D15C0}
		{2A327092-DA8D-4116-8064-0011DC910A1B} = {6328FFE0-EC79-45D5-86B3-85976271B005}
		{268C0105-E57C-4F29-8E8E-09396B25F634} = {6328FFE0-EC79-45D5-86B3-85976271B005}
		{4FC4EB76-FF8E-4A98-A235-0340F08D6E1E} = {E63BB538-F8F3-469E-B049-094AB724F8BA}
	EndGlobalSection
	GlobalSection(ExtensibilityGlobals) = postSolution
		SolutionGuid = {2800334D-113C-46CC-B310-3C0BC37443A9}
	EndGlobalSection
EndGlobal
